
Microsoft Visual Studio Solution File, Format Version 12.00
# Visual Studio 15
VisualStudioVersion = 15.0.28307.902
MinimumVisualStudioVersion = 10.0.40219.1
Project("{2150E333-8FDC-42A3-9474-1A3956D46DE8}") = "第6课Revit二开之过滤器", "第6课Revit二开之过滤器", "{1A380ECA-D171-42E5-AC44-C5BEE3ED42E3}"
EndProject
Project("{FAE04EC0-301F-11D3-BF4B-00C04F79EFBC}") = "LearnFiter", "..\..\06Revit二开之过滤器\FilterDemo\LearnFiter\LearnFiter.csproj", "{2D2A3F1B-8770-4E6C-BCA2-2553B55D71B8}"
EndProject
Project("{2150E333-8FDC-42A3-9474-1A3956D46DE8}") = "第7课Revit二开之族实例创建、取值、赋值", "第7课Revit二开之族实例创建、取值、赋值", "{1D2FE746-4B4E-424C-99EB-DF74073615EC}"
EndProject
Project("{2150E333-8FDC-42A3-9474-1A3956D46DE8}") = "第8课Revit二开之UIRibbon", "第8课Revit二开之UIRibbon", "{DD6571C1-5844-4ABF-B986-8D5BC8B96D0C}"
EndProject
Project("{2150E333-8FDC-42A3-9474-1A3956D46DE8}") = "第9课Revit二开之WPF的使用", "第9课Revit二开之WPF的使用", "{109F4E65-45ED-4C3C-B847-D6B238EFB502}"
EndProject
Project("{2150E333-8FDC-42A3-9474-1A3956D46DE8}") = "第10课Revit二开之数据库的使用", "第10课Revit二开之数据库的使用", "{88F3255D-5086-4934-A52A-D2DB942E238D}"
EndProject
Project("{2150E333-8FDC-42A3-9474-1A3956D46DE8}") = "第11课Revit二开之插件打包", "第11课Revit二开之插件打包", "{88E5D5E3-E701-4C03-8430-B8BB72B44C80}"
EndProject
Project("{FAE04EC0-301F-11D3-BF4B-00C04F79EFBC}") = "UIButtonDemo", "UIButtonDemo\UIButtonDemo.csproj", "{DC84AB25-4F33-40A4-B0FC-2A98197A792C}"
EndProject
Project("{FAE04EC0-301F-11D3-BF4B-00C04F79EFBC}") = "ExternalEventDemo", "ExternalEventDemo\ExternalEventDemo.csproj", "{A1FD1A17-6BF2-4887-9868-AB36716C404B}"
EndProject
Project("{FAE04EC0-301F-11D3-BF4B-00C04F79EFBC}") = "ExternalEventNormal", "ExternalEventNormal\ExternalEventNormal.csproj", "{C76A1753-1B4F-48E2-9767-CE9618528581}"
EndProject
Project("{FAE04EC0-301F-11D3-BF4B-00C04F79EFBC}") = "RevitWpfDemo", "RevitWpfDemo\RevitWpfDemo.csproj", "{AB9587B8-F704-459D-B9D3-33924EF57D50}"
EndProject
Project("{FAE04EC0-301F-11D3-BF4B-00C04F79EFBC}") = "ShowModelInWpf", "ShowModelInWpf\ShowModelInWpf.csproj", "{2E64F126-1592-42B3-A56F-BDC88DD9D147}"
EndProject
Project("{FAE04EC0-301F-11D3-BF4B-00C04F79EFBC}") = "FamilyInstanceDemo", "Demo\FamilyInstanceDemo.csproj", "{71F3D83B-3991-4F72-8542-B0BC2CCCA282}"
EndProject
Project("{FAE04EC0-301F-11D3-BF4B-00C04F79EFBC}") = "ReadAndWrite", "ReadAndWrite\ReadAndWrite.csproj", "{4B5485EC-B8C1-48FD-8205-FA7FD797EB01}"
EndProject
Project("{54435603-DBB4-11D2-8724-00A0C9A8B90C}") = "RibbonUIPlugin", "RibbonUIPlugin\RibbonUIPlugin.vdproj", "{A3CED501-0E28-4EB8-A9FB-EDD56129C5F4}"
EndProject
Global
	GlobalSection(SolutionConfigurationPlatforms) = preSolution
		Debug|Any CPU = Debug|Any CPU
		Release|Any CPU = Release|Any CPU
	EndGlobalSection
	GlobalSection(ProjectConfigurationPlatforms) = postSolution
		{2D2A3F1B-8770-4E6C-BCA2-2553B55D71B8}.Debug|Any CPU.ActiveCfg = Debug|Any CPU
		{2D2A3F1B-8770-4E6C-BCA2-2553B55D71B8}.Debug|Any CPU.Build.0 = Debug|Any CPU
		{2D2A3F1B-8770-4E6C-BCA2-2553B55D71B8}.Release|Any CPU.ActiveCfg = Release|Any CPU
		{2D2A3F1B-8770-4E6C-BCA2-2553B55D71B8}.Release|Any CPU.Build.0 = Release|Any CPU
		{DC84AB25-4F33-40A4-B0FC-2A98197A792C}.Debug|Any CPU.ActiveCfg = Debug|Any CPU
		{DC84AB25-4F33-40A4-B0FC-2A98197A792C}.Debug|Any CPU.Build.0 = Debug|Any CPU
		{DC84AB25-4F33-40A4-B0FC-2A98197A792C}.Release|Any CPU.ActiveCfg = Release|Any CPU
		{DC84AB25-4F33-40A4-B0FC-2A98197A792C}.Release|Any CPU.Build.0 = Release|Any CPU
		{A1FD1A17-6BF2-4887-9868-AB36716C404B}.Debug|Any CPU.ActiveCfg = Debug|Any CPU
		{A1FD1A17-6BF2-4887-9868-AB36716C404B}.Debug|Any CPU.Build.0 = Debug|Any CPU
		{A1FD1A17-6BF2-4887-9868-AB36716C404B}.Release|Any CPU.ActiveCfg = Release|Any CPU
		{A1FD1A17-6BF2-4887-9868-AB36716C404B}.Release|Any CPU.Build.0 = Release|Any CPU
		{C76A1753-1B4F-48E2-9767-CE9618528581}.Debug|Any CPU.ActiveCfg = Debug|Any CPU
		{C76A1753-1B4F-48E2-9767-CE9618528581}.Debug|Any CPU.Build.0 = Debug|Any CPU
		{C76A1753-1B4F-48E2-9767-CE9618528581}.Release|Any CPU.ActiveCfg = Release|Any CPU
		{C76A1753-1B4F-48E2-9767-CE9618528581}.Release|Any CPU.Build.0 = Release|Any CPU
		{AB9587B8-F704-459D-B9D3-33924EF57D50}.Debug|Any CPU.ActiveCfg = Debug|Any CPU
		{AB9587B8-F704-459D-B9D3-33924EF57D50}.Debug|Any CPU.Build.0 = Debug|Any CPU
		{AB9587B8-F704-459D-B9D3-33924EF57D50}.Release|Any CPU.ActiveCfg = Release|Any CPU
		{AB9587B8-F704-459D-B9D3-33924EF57D50}.Release|Any CPU.Build.0 = Release|Any CPU
		{2E64F126-1592-42B3-A56F-BDC88DD9D147}.Debug|Any CPU.ActiveCfg = Debug|Any CPU
		{2E64F126-1592-42B3-A56F-BDC88DD9D147}.Debug|Any CPU.Build.0 = Debug|Any CPU
		{2E64F126-1592-42B3-A56F-BDC88DD9D147}.Release|Any CPU.ActiveCfg = Release|Any CPU
		{2E64F126-1592-42B3-A56F-BDC88DD9D147}.Release|Any CPU.Build.0 = Release|Any CPU
		{71F3D83B-3991-4F72-8542-B0BC2CCCA282}.Debug|Any CPU.ActiveCfg = Debug|Any CPU
		{71F3D83B-3991-4F72-8542-B0BC2CCCA282}.Debug|Any CPU.Build.0 = Debug|Any CPU
		{71F3D83B-3991-4F72-8542-B0BC2CCCA282}.Release|Any CPU.ActiveCfg = Release|Any CPU
		{71F3D83B-3991-4F72-8542-B0BC2CCCA282}.Release|Any CPU.Build.0 = Release|Any CPU
		{4B5485EC-B8C1-48FD-8205-FA7FD797EB01}.Debug|Any CPU.ActiveCfg = Debug|Any CPU
		{4B5485EC-B8C1-48FD-8205-FA7FD797EB01}.Debug|Any CPU.Build.0 = Debug|Any CPU
		{4B5485EC-B8C1-48FD-8205-FA7FD797EB01}.Release|Any CPU.ActiveCfg = Release|Any CPU
		{4B5485EC-B8C1-48FD-8205-FA7FD797EB01}.Release|Any CPU.Build.0 = Release|Any CPU
		{A3CED501-0E28-4EB8-A9FB-EDD56129C5F4}.Debug|Any CPU.ActiveCfg = Debug
		{A3CED501-0E28-4EB8-A9FB-EDD56129C5F4}.Debug|Any CPU.Build.0 = Debug
		{A3CED501-0E28-4EB8-A9FB-EDD56129C5F4}.Release|Any CPU.ActiveCfg = Release
		{A3CED501-0E28-4EB8-A9FB-EDD56129C5F4}.Release|Any CPU.Build.0 = Release
	EndGlobalSection
	GlobalSection(SolutionProperties) = preSolution
		HideSolutionNode = FALSE
	EndGlobalSection
	GlobalSection(NestedProjects) = preSolution
		{2D2A3F1B-8770-4E6C-BCA2-2553B55D71B8} = {1A380ECA-D171-42E5-AC44-C5BEE3ED42E3}
		{DC84AB25-4F33-40A4-B0FC-2A98197A792C} = {DD6571C1-5844-4ABF-B986-8D5BC8B96D0C}
		{A1FD1A17-6BF2-4887-9868-AB36716C404B} = {109F4E65-45ED-4C3C-B847-D6B238EFB502}
		{C76A1753-1B4F-48E2-9767-CE9618528581} = {109F4E65-45ED-4C3C-B847-D6B238EFB502}
		{AB9587B8-F704-459D-B9D3-33924EF57D50} = {109F4E65-45ED-4C3C-B847-D6B238EFB502}
		{2E64F126-1592-42B3-A56F-BDC88DD9D147} = {109F4E65-45ED-4C3C-B847-D6B238EFB502}
		{71F3D83B-3991-4F72-8542-B0BC2CCCA282} = {1D2FE746-4B4E-424C-99EB-DF74073615EC}
		{4B5485EC-B8C1-48FD-8205-FA7FD797EB01} = {88F3255D-5086-4934-A52A-D2DB942E238D}
		{A3CED501-0E28-4EB8-A9FB-EDD56129C5F4} = {88E5D5E3-E701-4C03-8430-B8BB72B44C80}
	EndGlobalSection
	GlobalSection(ExtensibilityGlobals) = postSolution
		SolutionGuid = {B71CB9CF-D5BC-48E0-B066-D2EA625940DD}
	EndGlobalSection
EndGlobal
